<?xml version="1.0" encoding="utf-8"?>
<Project ToolsVersion="16.0" xmlns="http://schemas.microsoft.com/developer/msbuild/2003">
  <ItemGroup>
    <ClCompile Include="C:\Users\kidss\Desktop\pop shock effects final 1\cpp\desktopStuff.cpp">
      <Filter>Source Files</Filter>
    </ClCompile>
  </ItemGroup>
  <ItemGroup>
    <CustomBuild Include="C:\Users\kidss\Desktop\pop shock effects final 1\CMakeLists.txt" />
  </ItemGroup>
  <ItemGroup>
    <Filter Include="Source Files">
      <UniqueIdentifier>{A7B61CDD-1CAE-31A1-A13D-22075A662C32}</UniqueIdentifier>
    </Filter>
  </ItemGroup>
</Project>
