<?xml version="1.0" encoding="utf-8"?>
<Project ToolsVersion="16.0" xmlns="http://schemas.microsoft.com/developer/msbuild/2003">
  <ItemGroup>
    <CustomBuild Include="C:\Users\kidss\Desktop\pop shock effects final 1\CMakeFiles\d36c55e16761f36a2e5e423799883b37\INSTALL_force.rule">
      <Filter>CMake Rules</Filter>
    </CustomBuild>
  </ItemGroup>
  <ItemGroup>
    <Filter Include="CMake Rules">
      <UniqueIdentifier>{1F82DF57-B85A-387B-9E79-78B0B7B0225A}</UniqueIdentifier>
    </Filter>
  </ItemGroup>
</Project>
